dependencies:
  espressif/cjson:
    component_hash: e788323270d90738662d66fffa910bfe1fba019bba087f01557e70c40485b469
    dependencies:
    - name: idf
      require: private
      version: '>=5.0'
    source:
      registry_url: https://components.espressif.com/
      type: service
    version: 1.7.19~2
  espressif/mqtt:
    component_hash: ffdad5659706b4dc14bc63f8eb73ef765efa015bf7e9adf71c813d52a2dc9342
    dependencies:
    - name: idf
      require: private
      version: '>=5.3'
    source:
      registry_url: https://components.espressif.com/
      type: service
    version: 1.0.0
  idf:
    source:
      type: idf
    version: 5.4.1
direct_dependencies:
- espressif/cjson
- espressif/mqtt
- idf
manifest_hash: 98c5422d9e4011e1371ac8bf1b700bf5464d511a165e2f1a4055d18c6aa69591
target: esp32
version: 2.0.0
